{
  "name": "abap-openapi-client",
  "version": "1.0.0",
  "lockfileVersion": 2,
  "requires": true,
  "packages": {
    "": {
      "name": "abap-openapi-client",
      "version": "1.0.0",
      "license": "MIT",
      "dependencies": {
        "@abaplint/cli": "^2.92.1",
        "@abaplint/runtime": "^2.1.40",
        "@abaplint/transpiler-cli": "^2.1.40"
      }
    },
    "node_modules/@abaplint/cli": {
      "version": "2.92.1",
      "resolved": "https://registry.npmjs.org/@abaplint/cli/-/cli-2.92.1.tgz",
      "integrity": "sha512-du1ituKKSDaDJL+kdFlth7RwwzudLCkvcG8aoiXpIIX3ZxvaOGXVrRj5IO2rj3steV9J2iJQxRRHhlvIeIoCiA==",
      "bin": {
        "abaplint": "abaplint"
      },
      "engines": {
        "node": ">=12.0.0"
      }
    },
    "node_modules/@abaplint/runtime": {
      "version": "2.1.40",
      "resolved": "https://registry.npmjs.org/@abaplint/runtime/-/runtime-2.1.40.tgz",
      "integrity": "sha512-pn5N5SF2kUAAjI9J2CsAKfd61mdjd6tLddqhN3cIKA82VrvauhmcfMjekPspo9fl1ZbMyzgbnnPi9t4afDlUKQ=="
    },
    "node_modules/@abaplint/transpiler-cli": {
      "version": "2.1.40",
      "resolved": "https://registry.npmjs.org/@abaplint/transpiler-cli/-/transpiler-cli-2.1.40.tgz",
      "integrity": "sha512-eZuFOksT2X2igrGK/Va1qTAzw6tnpnzajRnKnpDQ5rhvmW/f+ORaaRXIFWPrEMcDOA7YDjKPdgU5aNB0i4d0hg==",
      "bin": {
        "abap_transpile": "abap_transpile"
      }
    }
  },
  "dependencies": {
    "@abaplint/cli": {
      "version": "2.92.1",
      "resolved": "https://registry.npmjs.org/@abaplint/cli/-/cli-2.92.1.tgz",
      "integrity": "sha512-du1ituKKSDaDJL+kdFlth7RwwzudLCkvcG8aoiXpIIX3ZxvaOGXVrRj5IO2rj3steV9J2iJQxRRHhlvIeIoCiA=="
    },
    "@abaplint/runtime": {
      "version": "2.1.40",
      "resolved": "https://registry.npmjs.org/@abaplint/runtime/-/runtime-2.1.40.tgz",
      "integrity": "sha512-pn5N5SF2kUAAjI9J2CsAKfd61mdjd6tLddqhN3cIKA82VrvauhmcfMjekPspo9fl1ZbMyzgbnnPi9t4afDlUKQ=="
    },
    "@abaplint/transpiler-cli": {
      "version": "2.1.40",
      "resolved": "https://registry.npmjs.org/@abaplint/transpiler-cli/-/transpiler-cli-2.1.40.tgz",
      "integrity": "sha512-eZuFOksT2X2igrGK/Va1qTAzw6tnpnzajRnKnpDQ5rhvmW/f+ORaaRXIFWPrEMcDOA7YDjKPdgU5aNB0i4d0hg=="
    }
  }
}
