{
  "name": "abap-openapi-client",
  "version": "1.0.0",
  "lockfileVersion": 1,
  "requires": true,
  "dependencies": {
    "@abaplint/cli": {
      "version": "2.76.12",
      "resolved": "https://registry.npmjs.org/@abaplint/cli/-/cli-2.76.12.tgz",
      "integrity": "sha512-rKbC74DFVWl18gvN4EELBae6+y7ZVdkAszDyCjKcy8T9C+3P+bcfyehel7xQlHuxj20XLdlxw9o9MapiMiluHQ=="
    },
    "@abaplint/runtime": {
      "version": "1.6.7",
      "resolved": "https://registry.npmjs.org/@abaplint/runtime/-/runtime-1.6.7.tgz",
      "integrity": "sha512-r4GnAMmQYCrf8SNZw7pIAPnbloNp1yiPG2habwFTIROxw+m6aUS5zMeGSJLS/H6reYBNsGVGK4HrPUtBdBdkcg==",
      "requires": {
        "sql.js": "^1.6.1"
      }
    },
    "@abaplint/transpiler-cli": {
      "version": "1.6.7",
      "resolved": "https://registry.npmjs.org/@abaplint/transpiler-cli/-/transpiler-cli-1.6.7.tgz",
      "integrity": "sha512-JBN5HTrrb9dxVlMk9zidPmeKWx3c6hu1vHDmZ+NidhoLnualbl3keiYXLZCOORiC1/y330k0dHyo+2zgGbZzNA=="
    },
    "sql.js": {
      "version": "1.6.1",
      "resolved": "https://registry.npmjs.org/sql.js/-/sql.js-1.6.1.tgz",
      "integrity": "sha512-mQTboXfaaYsqG6leg2tYHppHPShHFDP+vtPjyTBrOCM//8XvnK/OfVYQahS3g6ArvO2a6lvBsHy8w/qZ9a12DQ=="
    }
  }
}
