{
  "name": "abap-openapi-client",
  "version": "1.0.0",
  "lockfileVersion": 2,
  "requires": true,
  "packages": {
    "": {
      "name": "abap-openapi-client",
      "version": "1.0.0",
      "license": "MIT",
      "dependencies": {
        "@abaplint/cli": "^2.91.18",
        "@abaplint/runtime": "^2.1.11",
        "@abaplint/transpiler-cli": "^2.1.11"
      }
    },
    "node_modules/@abaplint/cli": {
      "version": "2.91.18",
      "resolved": "https://registry.npmjs.org/@abaplint/cli/-/cli-2.91.18.tgz",
      "integrity": "sha512-QuPEeecpW3hTRhgxpUNqHhtA+h0aFd0cEy8qY0KlZ4c70qIyNOJsdSlsHmBjx6Iqrw9lJyjmrz+y4xOD35WLiw==",
      "bin": {
        "abaplint": "abaplint"
      },
      "engines": {
        "node": ">=12.0.0"
      }
    },
    "node_modules/@abaplint/runtime": {
      "version": "2.1.11",
      "resolved": "https://registry.npmjs.org/@abaplint/runtime/-/runtime-2.1.11.tgz",
      "integrity": "sha512-x5h3MQPjDmEzD+fcjGXVSLskWuty8zPg/EUF/0CPes0h/NzDfKlwkQl3UUSozW57+bE/TLAhtymildYDrxHRog=="
    },
    "node_modules/@abaplint/transpiler-cli": {
      "version": "2.1.11",
      "resolved": "https://registry.npmjs.org/@abaplint/transpiler-cli/-/transpiler-cli-2.1.11.tgz",
      "integrity": "sha512-86kP45cj0yfejTG4bqcIyhN5vUa3jZJ+9apF9uX0/8rsrj0/NZlS68TUyXiBBNXWlSG4iQzVE7vpSVaH7g/y1Q==",
      "bin": {
        "abap_transpile": "abap_transpile"
      }
    }
  },
  "dependencies": {
    "@abaplint/cli": {
      "version": "2.91.18",
      "resolved": "https://registry.npmjs.org/@abaplint/cli/-/cli-2.91.18.tgz",
      "integrity": "sha512-QuPEeecpW3hTRhgxpUNqHhtA+h0aFd0cEy8qY0KlZ4c70qIyNOJsdSlsHmBjx6Iqrw9lJyjmrz+y4xOD35WLiw=="
    },
    "@abaplint/runtime": {
      "version": "2.1.11",
      "resolved": "https://registry.npmjs.org/@abaplint/runtime/-/runtime-2.1.11.tgz",
      "integrity": "sha512-x5h3MQPjDmEzD+fcjGXVSLskWuty8zPg/EUF/0CPes0h/NzDfKlwkQl3UUSozW57+bE/TLAhtymildYDrxHRog=="
    },
    "@abaplint/transpiler-cli": {
      "version": "2.1.11",
      "resolved": "https://registry.npmjs.org/@abaplint/transpiler-cli/-/transpiler-cli-2.1.11.tgz",
      "integrity": "sha512-86kP45cj0yfejTG4bqcIyhN5vUa3jZJ+9apF9uX0/8rsrj0/NZlS68TUyXiBBNXWlSG4iQzVE7vpSVaH7g/y1Q=="
    }
  }
}
